
Microsoft Visual Studio Solution File, Format Version 12.00
# Visual Studio Version 16
VisualStudioVersion = 16.0.30413.136
MinimumVisualStudioVersion = 10.0.40219.1
Project("{888888A0-9F3D-457C-B088-3A5042F75D52}") = "Letter-Recognition", "Letter-Recognition.pyproj", "{83EC3077-4218-4E71-BACE-3298C8AF3E26}"
EndProject
Project("{2150E333-8FDC-42A3-9474-1A3956D46DE8}") = "Solution Items", "Solution Items", "{BB306780-1363-4262-AB4F-7B57AD11D67B}"
	ProjectSection(SolutionItems) = preProject
		CNN.py = CNN.py
		mnist_jpg.py = mnist_jpg.py
		model.h5 = model.h5
		setup.py = setup.py
	EndProjectSection
EndProject
Global
	GlobalSection(SolutionConfigurationPlatforms) = preSolution
		Debug|Any CPU = Debug|Any CPU
		Release|Any CPU = Release|Any CPU
	EndGlobalSection
	GlobalSection(ProjectConfigurationPlatforms) = postSolution
		{83EC3077-4218-4E71-BACE-3298C8AF3E26}.Debug|Any CPU.ActiveCfg = Debug|Any CPU
		{83EC3077-4218-4E71-BACE-3298C8AF3E26}.Debug|Any CPU.Build.0 = Debug|Any CPU
		{83EC3077-4218-4E71-BACE-3298C8AF3E26}.Release|Any CPU.ActiveCfg = Release|Any CPU
		{83EC3077-4218-4E71-BACE-3298C8AF3E26}.Release|Any CPU.Build.0 = Release|Any CPU
	EndGlobalSection
	GlobalSection(SolutionProperties) = preSolution
		HideSolutionNode = FALSE
	EndGlobalSection
	GlobalSection(ExtensibilityGlobals) = postSolution
		SolutionGuid = {5ABD80D0-9DFB-4495-AD3E-0794862530BB}
	EndGlobalSection
EndGlobal
